
Microsoft Visual Studio Solution File, Format Version 12.00
# Visual Studio 15
VisualStudioVersion = 15.0.28307.1500
MinimumVisualStudioVersion = 10.0.40219.1
Project("{FAE04EC0-301F-11D3-BF4B-00C04F79EFBC}") = "VK_IDM", "VK_IDM\VK_IDM.csproj", "{0C9B0AE5-8649-490E-BA08-D9708C181C60}"
EndProject
Global
	GlobalSection(SolutionConfigurationPlatforms) = preSolution
		Debug|Any CPU = Debug|Any CPU
		Release|Any CPU = Release|Any CPU
	EndGlobalSection
	GlobalSection(ProjectConfigurationPlatforms) = postSolution
		{0C9B0AE5-8649-490E-BA08-D9708C181C60}.Debug|Any CPU.ActiveCfg = Debug|Any CPU
		{0C9B0AE5-8649-490E-BA08-D9708C181C60}.Debug|Any CPU.Build.0 = Debug|Any CPU
		{0C9B0AE5-8649-490E-BA08-D9708C181C60}.Release|Any CPU.ActiveCfg = Release|Any CPU
		{0C9B0AE5-8649-490E-BA08-D9708C181C60}.Release|Any CPU.Build.0 = Release|Any CPU
	EndGlobalSection
	GlobalSection(SolutionProperties) = preSolution
		HideSolutionNode = FALSE
	EndGlobalSection
	GlobalSection(ExtensibilityGlobals) = postSolution
		SolutionGuid = {2DAE6A05-CDB4-41BA-BC12-3EB06A46B072}
	EndGlobalSection
EndGlobal
